authority: CFD8F1E006B6CD938F0BC248AC5307E5C4B68469
common-params: FE5A5C92DDE897FBB7F52D2F5B10F850781BBD1D
configuration: 03D78E72B49A450853669F51564212A3B90EC919
custom-server: 3C457EC793B0B5EF1D08A334D357598DDE7B226B
database-sql: FCE0A459E3787AC6AF96305FEBD38E8794FEB9E1
dependency-inject: F5919B2A2EA95E74C9B26080539708FD0B678F15
middlewire: C7AB0C6CB1D73E62643062706D8B3A12471C90A6
project-layer: 676B9FA2E651F0A4C5900E49529099DD4180F139
template-mvc: 2AA7DCE465A9B112750D86ACCD97BEEBC3D9FD4B
warming-up: A19F0122C8B68D9FE886D72CAEB3562CFCEA4947
